# This file was autogenerated by Stack.
# You should not edit this file by hand.
# For more information, please see the documentation at:
#   https://docs.haskellstack.org/en/stable/lock_files

packages:
- completed:
    hackage: QuickCheck-2.14@sha256:a1bac79e48b36d5bccd771e981058c44707f440156a0a411ebdcfec8cfccfda9,6982
    pantry-tree:
      size: 2203
      sha256: 1c8b0f1ff061117c78ddb69cbed242faf313a427c03e5c84233aa33e7e58a5cb
  original:
    hackage: QuickCheck-2.14@sha256:a1bac79e48b36d5bccd771e981058c44707f440156a0a411ebdcfec8cfccfda9,6982
- completed:
    hackage: aeson-1.4.7.1@sha256:6d8d2fd959b7122a1df9389cf4eca30420a053d67289f92cdc0dbc0dab3530ba,7098
    pantry-tree:
      size: 40133
      sha256: caa9306e519c601ab0170d113daa03c1163db53e5466be2968bbd61a771bebcb
  original:
    hackage: aeson-1.4.7.1@sha256:6d8d2fd959b7122a1df9389cf4eca30420a053d67289f92cdc0dbc0dab3530ba,7098
- completed:
    hackage: aeson-pretty-0.8.8@sha256:9924a16d0c362ff59dd6d5b875749ff5d599d2688f89d080388a0014714441ef,2291
    pantry-tree:
      size: 337
      sha256: 0e6cc718e70c2cc51726570f2faed6f5cd56e0c23a546198cca2a217213ccc43
  original:
    hackage: aeson-pretty-0.8.8@sha256:9924a16d0c362ff59dd6d5b875749ff5d599d2688f89d080388a0014714441ef,2291
- completed:
    hackage: envy-2.1.0.0@sha256:0ffdc2e84ddd7414b9bfe17939f83a374f32935502db6d4a73b27cf92343d35c,1705
    pantry-tree:
      size: 368
      sha256: 988a7937cff064ea6d523d64f7812861722b0fa3b085b82e18b7e59d404ff1c8
  original:
    hackage: envy-2.1.0.0@sha256:0ffdc2e84ddd7414b9bfe17939f83a374f32935502db6d4a73b27cf92343d35c,1705
- completed:
    hackage: extra-1.7.1@sha256:a9fd1d35a563820f414014f1659769f52726d2031eff6b4628abfcd86729a325,2756
    pantry-tree:
      size: 1828
      sha256: 1c6a9ee9f20cea8b64693a47b656f626167f08e76c03f8a82e12e4c9163fb1b1
  original:
    hackage: extra-1.7.1@sha256:a9fd1d35a563820f414014f1659769f52726d2031eff6b4628abfcd86729a325,2756
- completed:
    hackage: quickcheck-instances-0.3.22@sha256:fbd11e6a41a5510428f3c2e69312d9ab0890a4a0c47191188fc3991d2b93a473,4034
    pantry-tree:
      size: 1788
      sha256: c2ef9e161a83c8cb7b4cf3f07e79ea244b696527f7badff53a30d411cd583481
  original:
    hackage: quickcheck-instances-0.3.22@sha256:fbd11e6a41a5510428f3c2e69312d9ab0890a4a0c47191188fc3991d2b93a473,4034
- completed:
    hackage: safe-0.3.18@sha256:6aa17f30b93a39f60e132fca490a3995db43bf32cf868708327a2f4b526c217f,2405
    pantry-tree:
      size: 564
      sha256: 2f2805dc3e1414378eca6ca0419858ff0b844062a2d1d38f55f8e1cb3abf9d38
  original:
    hackage: safe-0.3.18@sha256:6aa17f30b93a39f60e132fca490a3995db43bf32cf868708327a2f4b526c217f,2405
- completed:
    hackage: slack-web-0.2.0.11@sha256:c42cb6654cbde5761234dca7dbf6ad6784dfdafb556d2b4400f8c3602c03b791,2103
    pantry-tree:
      size: 1136
      sha256: 343ea32a6b6610a7f92c73150215f26fe1243b57165458f80297e481e1a47f6d
  original:
    hackage: slack-web-0.2.0.11@sha256:c42cb6654cbde5761234dca7dbf6ad6784dfdafb556d2b4400f8c3602c03b791,2103
- completed:
    hackage: type-of-html-1.5.1.0@sha256:8dadcdc95672aa4221e11dfef92526e644bf9b7fc8231a21daf38993f632e2b8,3465
    pantry-tree:
      size: 1167
      sha256: 151b94a7b7137a7df41c0be8fe025d4dd90311d0c234326eabcea9a8500cda70
  original:
    hackage: type-of-html-1.5.1.0@sha256:8dadcdc95672aa4221e11dfef92526e644bf9b7fc8231a21daf38993f632e2b8,3465
- completed:
    hackage: tz-0.1.3.3@sha256:b9de0c1b10825460ff14a237209a8bf7747f47979601d35621276556bf63d2ca,5086
    pantry-tree:
      size: 1180
      sha256: ae6af45f3dba5a478ea9cc77c718f955fcc5c96f2dc0f4ede34c4a15a3e85ac1
  original:
    hackage: tz-0.1.3.3@sha256:b9de0c1b10825460ff14a237209a8bf7747f47979601d35621276556bf63d2ca,5086
- completed:
    hackage: unordered-containers-0.2.10.0@sha256:5e9b095a9283d9e2f064fec73a81a6b6ea0b7fda3f219a8175785d2d2a3de204,5199
    pantry-tree:
      size: 1415
      sha256: dfc2d75f4e59c03e2c68be6909b577f26991367134eaac06a407e940e66856ae
  original:
    hackage: unordered-containers-0.2.10.0@sha256:5e9b095a9283d9e2f064fec73a81a6b6ea0b7fda3f219a8175785d2d2a3de204,5199
- completed:
    hackage: yaml-0.11.3.0@sha256:8861d89a2237a455869dc602a773311f45e68a70fee618d0c303b46c05ac1b1d,5109
    pantry-tree:
      size: 1988
      sha256: 191ee198b9a0801d1ca3e803b50a2a5213896b72c353ad592b3fb25d59dd48b6
  original:
    hackage: yaml-0.11.3.0@sha256:8861d89a2237a455869dc602a773311f45e68a70fee618d0c303b46c05ac1b1d,5109
- completed:
    hackage: attoparsec-0.13.2.4@sha256:e10c2a5070a344a0973e6f9486d148c690b6955468cfd61ee09a41b5adc48873,5735
    pantry-tree:
      size: 5231
      sha256: 1098f9aaf18a8ad0ee10019d929920c96be87cded84cbb90d78ab0e7a4264ea4
  original:
    hackage: attoparsec-0.13.2.4@sha256:e10c2a5070a344a0973e6f9486d148c690b6955468cfd61ee09a41b5adc48873,5735
- completed:
    hackage: base-compat-0.11.1@sha256:e49c1ce84f556621ef1142a169e4349049c516f5b3e3c3ec6830be503e7d4a93,7140
    pantry-tree:
      size: 8633
      sha256: af9b1346b6df24c290287098b15418d8145b8cfe2a4c5b3c6d26bd61a6a86b0f
  original:
    hackage: base-compat-0.11.1@sha256:e49c1ce84f556621ef1142a169e4349049c516f5b3e3c3ec6830be503e7d4a93,7140
- completed:
    hackage: base-compat-batteries-0.11.1@sha256:2763af26f6bd118dc278b805988acc792443f08bd77da03ac5c438c2b1ab4aab,8666
    pantry-tree:
      size: 10736
      sha256: cb14c77d6a2acbfb3ccbb3ec8ad8682cc95baebcf2c291fdb6aab5332a6a92ee
  original:
    hackage: base-compat-batteries-0.11.1@sha256:2763af26f6bd118dc278b805988acc792443f08bd77da03ac5c438c2b1ab4aab,8666
- completed:
    hackage: case-insensitive-1.2.1.0@sha256:9dfd3171fc7698cf8d931727d3af3a7b389135b583e46b5adac1f9d2026fff61,2244
    pantry-tree:
      size: 688
      sha256: d6f175b17eacce002fc5336c17e119d989bd97f8ad9702446163c9e27c7c79b7
  original:
    hackage: case-insensitive-1.2.1.0@sha256:9dfd3171fc7698cf8d931727d3af3a7b389135b583e46b5adac1f9d2026fff61,2244
- completed:
    hackage: clock-0.8@sha256:b4ae207e2d3761450060a0d0feb873269233898039c76fceef9cc1a544067767,4113
    pantry-tree:
      size: 446
      sha256: d9ac8ce6a19812fe74cb1e74228e6e624eda19021ff4d12e24611f88abacd38a
  original:
    hackage: clock-0.8@sha256:b4ae207e2d3761450060a0d0feb873269233898039c76fceef9cc1a544067767,4113
- completed:
    hackage: cmdargs-0.10.20@sha256:76cf238367e669833929dd264b4fc2278145ddf5b743624f2d5558cca16a08a9,4243
    pantry-tree:
      size: 3122
      sha256: 6bf1f33ebe70f5f8c5dc4d3d3e0da2ae3a1db9d2a7d1547217fc18576df52898
  original:
    hackage: cmdargs-0.10.20@sha256:76cf238367e669833929dd264b4fc2278145ddf5b743624f2d5558cca16a08a9,4243
- completed:
    hackage: conduit-1.3.2@sha256:f85b5dc1d7d30e9122ac15975e7f59fe846b42ef952e2beddd32520a753c2fc4,4980
    pantry-tree:
      size: 1957
      sha256: f8e5f6d25584d3aaf3f6b13980623aba2bd0446a0c6844b70f7b9cfa01ff5c72
  original:
    hackage: conduit-1.3.2@sha256:f85b5dc1d7d30e9122ac15975e7f59fe846b42ef952e2beddd32520a753c2fc4,4980
- completed:
    hackage: data-default-0.7.1.1@sha256:2804e8d14f521a1edee88b68b66347448e7f3b685868290fdc55930e4471f5a9,645
    pantry-tree:
      size: 212
      sha256: 1db0dcb6890feff1b87ea180a4c4a0611cda399a700822bd75970a2b7ad02dbc
  original:
    hackage: data-default-0.7.1.1@sha256:2804e8d14f521a1edee88b68b66347448e7f3b685868290fdc55930e4471f5a9,645
- completed:
    hackage: dlist-0.8.0.8@sha256:90ca348bffdc62d7070bcf0e97c728f8d01b24fbc7ea08d2909157d0da76534c,2066
    pantry-tree:
      size: 426
      sha256: 1b5b9142a932f15c77f758f92f90bea6c805c42d4c62f7a697e8e4f6cf1ad6e6
  original:
    hackage: dlist-0.8.0.8@sha256:90ca348bffdc62d7070bcf0e97c728f8d01b24fbc7ea08d2909157d0da76534c,2066
- completed:
    hackage: double-conversion-2.0.2.0@sha256:934ef2ffa06e196ab7df9e130bedee0228dc54bf879822bc2349624e1dfd38e4,3624
    pantry-tree:
      size: 5141
      sha256: a74a7357fc6308444642a8ec19f90f7848a92cc95676b64af5caf5aefec8f626
  original:
    hackage: double-conversion-2.0.2.0@sha256:934ef2ffa06e196ab7df9e130bedee0228dc54bf879822bc2349624e1dfd38e4,3624
- completed:
    hackage: errors-2.3.0@sha256:e76c5af088c70c36f772a7e2b88a47abf327f39ee32fd18da4d4464c44463ae9,1371
    pantry-tree:
      size: 504
      sha256: 9318c85081e78208386f72762314409b0ddd73f27285d028521273c3d34a5042
  original:
    hackage: errors-2.3.0@sha256:e76c5af088c70c36f772a7e2b88a47abf327f39ee32fd18da4d4464c44463ae9,1371
- completed:
    hackage: hashable-1.3.0.0@sha256:4c70f1407881059e93550d3742191254296b2737b793a742bd901348fb3e1fb1,5206
    pantry-tree:
      size: 1521
      sha256: 84aba72926c33debd71fb9c670869d842025f8ea45ad10084289a34f0448250f
  original:
    hackage: hashable-1.3.0.0@sha256:4c70f1407881059e93550d3742191254296b2737b793a742bd901348fb3e1fb1,5206
- completed:
    hackage: http-api-data-0.4.1.1@sha256:998b3a5e4d2707dff19e2a877c2f9859ac5fdf491a94d31024d20212c2c250b7,3704
    pantry-tree:
      size: 887
      sha256: 4e76b5bc6a9e45679e25665be7dd1ed8161840d4d781e3e125557e6f2b9d1fd7
  original:
    hackage: http-api-data-0.4.1.1@sha256:998b3a5e4d2707dff19e2a877c2f9859ac5fdf491a94d31024d20212c2c250b7,3704
- completed:
    hackage: http-client-0.6.4.1@sha256:ea569e3ebc00e7bb68162fbdf85aa63e653b974eaff63df7b972e4296687e25c,5322
    pantry-tree:
      size: 2458
      sha256: 8e6ebf17ad06cca8bdab0c2ceda13ed41dea0d793f1930f90f0542f9c66afff1
  original:
    hackage: http-client-0.6.4.1@sha256:ea569e3ebc00e7bb68162fbdf85aa63e653b974eaff63df7b972e4296687e25c,5322
- completed:
    hackage: http-client-tls-0.3.5.3@sha256:c97c3d88e6318a3056e42e2cd0913d5c4bff381f83341bb6ff06865fd12c8b52,2066
    pantry-tree:
      size: 435
      sha256: b19e23dc469491661e9d1a40a9ba65ce745d4fd0143d4f9f7be824c8a5e2cee8
  original:
    hackage: http-client-tls-0.3.5.3@sha256:c97c3d88e6318a3056e42e2cd0913d5c4bff381f83341bb6ff06865fd12c8b52,2066
- completed:
    hackage: libyaml-0.1.2@sha256:7f14f69ceb14659699974e8e47e1ea6f226ea21ff42a802db03e721c319d201d,2125
    pantry-tree:
      size: 1096
      sha256: 7d03826965c52ffef8ce22179a1c0211e4cafb5f73f2a723169ef14b3677e262
  original:
    hackage: libyaml-0.1.2@sha256:7f14f69ceb14659699974e8e47e1ea6f226ea21ff42a802db03e721c319d201d,2125
- completed:
    hackage: megaparsec-7.0.5@sha256:45e1f1348fab2783646fdb4d9e6097568981a740951c7356d36d794e2baba305,3902
    pantry-tree:
      size: 1428
      sha256: 1f8baf6e07326f8c8a2dd31de6b2860427f158b0892c52ba5fe9ffeb6cd3bf7f
  original:
    hackage: megaparsec-7.0.5@sha256:45e1f1348fab2783646fdb4d9e6097568981a740951c7356d36d794e2baba305,3902
- completed:
    hackage: old-time-1.1.0.3@sha256:c91fbb3ee73d20ccd015842b30f1f29a304893ebe0ae3128b7bbc13d5bb0d4c8,1328
    pantry-tree:
      size: 810
      sha256: 890bbbdf4175a409efd7c7c9fe153b71680e33bebeb74c9351d7d9d3a59d3d0e
  original:
    hackage: old-time-1.1.0.3@sha256:c91fbb3ee73d20ccd015842b30f1f29a304893ebe0ae3128b7bbc13d5bb0d4c8,1328
- completed:
    hackage: primitive-0.7.0.1@sha256:a381571c36edc7dca28b77fe8159b43c14c640087ec5946adacf949feec64231,3433
    pantry-tree:
      size: 3221
      sha256: fea4312bd404ad504e44a7fd933a3b3442c0a5e1c41bd8abec3c2e7282d88e18
  original:
    hackage: primitive-0.7.0.1@sha256:a381571c36edc7dca28b77fe8159b43c14c640087ec5946adacf949feec64231,3433
- completed:
    hackage: random-1.1@sha256:7b67624fd76ddf97c206de0801dc7e888097e9d572974be9b9ea6551d76965df,1777
    pantry-tree:
      size: 637
      sha256: 14a1b01728c5584e87c9fa00746a66e28ffd89dd2c0eabd334c8463953496e1b
  original:
    hackage: random-1.1@sha256:7b67624fd76ddf97c206de0801dc7e888097e9d572974be9b9ea6551d76965df,1777
- completed:
    hackage: resourcet-1.2.4@sha256:1dbd6b3fdd91ab693e7d0d7389c1c482b3fef3df18b552bd23da8e16018f5047,1655
    pantry-tree:
      size: 647
      sha256: f4e5267be4f1d5a4779b1d8dd74b74ce139464bf98859cc57eeb196b50819064
  original:
    hackage: resourcet-1.2.4@sha256:1dbd6b3fdd91ab693e7d0d7389c1c482b3fef3df18b552bd23da8e16018f5047,1655
- completed:
    hackage: scientific-0.3.6.2@sha256:dd49abc76bd8e2b57e7a057dc2bb742a00527b4bf9350f9374be03b5934e55d8,4679
    pantry-tree:
      size: 656
      sha256: d05b22ccd31ad7a4438d9217bf44771ac63c4eeb0acc9c624465044e5894766a
  original:
    hackage: scientific-0.3.6.2@sha256:dd49abc76bd8e2b57e7a057dc2bb742a00527b4bf9350f9374be03b5934e55d8,4679
- completed:
    hackage: semigroups-0.19.1@sha256:ecae129621e0d2f77bef2f01e4458c2e0567ab6e1f39579c61d7cec8058ebb0e,6262
    pantry-tree:
      size: 534
      sha256: 61160272cccf0dcffe7fe23b7644412b959a8ec232bed4d43be235176f0bd90b
  original:
    hackage: semigroups-0.19.1@sha256:ecae129621e0d2f77bef2f01e4458c2e0567ab6e1f39579c61d7cec8058ebb0e,6262
- completed:
    hackage: servant-0.16.2@sha256:6c5d19d09a9dd2f2b2bf99193f944491f8374802678b79ec729e3f3ae51e216d,5867
    pantry-tree:
      size: 2604
      sha256: bee4504840cf4836326e85f1cf02584bf898188b64d976dac6c6c6793d926794
  original:
    hackage: servant-0.16.2@sha256:6c5d19d09a9dd2f2b2bf99193f944491f8374802678b79ec729e3f3ae51e216d,5867
- completed:
    hackage: servant-client-0.16.0.1@sha256:f970ad4e927530b77f52b99a175c85cfdcd1ef988083d56a1f68c6a3dafe8d51,4376
    pantry-tree:
      size: 804
      sha256: 3690a9c4dbdf8a502648c8c29029b1a0c78e53fd84db90ed388f7abbf5518c25
  original:
    hackage: servant-client-0.16.0.1@sha256:f970ad4e927530b77f52b99a175c85cfdcd1ef988083d56a1f68c6a3dafe8d51,4376
- completed:
    hackage: servant-client-core-0.16@sha256:34e28b8d59b0b61fb3c97fb61043583538016898604a67bfa3bb35f02d8e4d9c,3545
    pantry-tree:
      size: 1365
      sha256: d1a8c41b18e9648af8f1221c7747246ecde2a2ce2bae697c3c986f02a0caf857
  original:
    hackage: servant-client-core-0.16@sha256:34e28b8d59b0b61fb3c97fb61043583538016898604a67bfa3bb35f02d8e4d9c,3545
- completed:
    hackage: splitmix-0.0.4@sha256:fb9bb8b54a2e76c8a021fe5c4c3798047e1f60e168379a1f80693047fe00ad0e,4813
    pantry-tree:
      size: 872
      sha256: e58892088b95190bfb59a7c0803f7ef65338e57fc9b938d7c166563605003902
  original:
    hackage: splitmix-0.0.4@sha256:fb9bb8b54a2e76c8a021fe5c4c3798047e1f60e168379a1f80693047fe00ad0e,4813
- completed:
    hackage: tagged-0.8.6@sha256:1f7ca84e6c88cbb923641c60041c9f56c34f1a889759cc073cdf10542b441ff9,2606
    pantry-tree:
      size: 543
      sha256: 7e03b4e4506268d8a1429fba046816d682ec98e1c61d3869ae0ce57d74574d78
  original:
    hackage: tagged-0.8.6@sha256:1f7ca84e6c88cbb923641c60041c9f56c34f1a889759cc073cdf10542b441ff9,2606
- completed:
    hackage: th-abstraction-0.3.2.0@sha256:9b5b4e6e2bbff9b075ad7751ee98e2107090bd17b51d5442695b8990e4db6521,1851
    pantry-tree:
      size: 583
      sha256: 21e260e558db166dc70f3002e7a0d22dd57d0b9e7842dd9de5e2f9f887e1275e
  original:
    hackage: th-abstraction-0.3.2.0@sha256:9b5b4e6e2bbff9b075ad7751ee98e2107090bd17b51d5442695b8990e4db6521,1851
- completed:
    hackage: time-compat-1.9.3@sha256:a1a0a8b088be6a7be50c7c0bf156ce876151b1cbe14261736965e361c8073b2a,4349
    pantry-tree:
      size: 3654
      sha256: 9bce314b9a677472b9cc051a6ed09f4a1555180a5e2702ad67d64d74c9b5ceed
  original:
    hackage: time-compat-1.9.3@sha256:a1a0a8b088be6a7be50c7c0bf156ce876151b1cbe14261736965e361c8073b2a,4349
- completed:
    hackage: transformers-compat-0.6.5@sha256:50b00c57bf3fc379ec2477bfc261a2aebc983084488478adb29854f193af4696,5490
    pantry-tree:
      size: 1773
      sha256: 3a15141e82214faba9ddcabaa63526273d4c8b7b1d9d6cbc643334bfe41fb2f8
  original:
    hackage: transformers-compat-0.6.5@sha256:50b00c57bf3fc379ec2477bfc261a2aebc983084488478adb29854f193af4696,5490
- completed:
    hackage: tzdata-0.1.20190911.0@sha256:0b0b3e96a40ebee242d8d16972e166b7e2a171a6790cf79d9276e9619054cc7f,2783
    pantry-tree:
      size: 40186
      sha256: 5f1893b70ff57cdf74622a71bf6ae3137bd48578e11923c4dbe83955ede40caa
  original:
    hackage: tzdata-0.1.20190911.0@sha256:0b0b3e96a40ebee242d8d16972e166b7e2a171a6790cf79d9276e9619054cc7f,2783
- completed:
    hackage: uuid-types-1.0.3@sha256:2cab161f274309cfd9ef62694a6bd1b47525bc4c79a827293b055e4a9eadb4d2,2473
    pantry-tree:
      size: 521
      sha256: 438cb9ae5438dc6827eb39cb561a43026972375217b917f15e6a6d85194af9b2
  original:
    hackage: uuid-types-1.0.3@sha256:2cab161f274309cfd9ef62694a6bd1b47525bc4c79a827293b055e4a9eadb4d2,2473
- completed:
    hackage: vector-0.12.1.2@sha256:9291bc581f36e51d5bda9fce57cb980fbec3dd292996896f285fef39eb80a9a0,7364
    pantry-tree:
      size: 3784
      sha256: f79eefc8ba2b57ded2276f48046e64663d37b210b6047b6b6ecb30c9da196216
  original:
    hackage: vector-0.12.1.2@sha256:9291bc581f36e51d5bda9fce57cb980fbec3dd292996896f285fef39eb80a9a0,7364
- completed:
    hackage: attoparsec-iso8601-1.0.1.0@sha256:a01c9144dd0e186cdfcff5a4239aecd40f7f519d9b9e8e3d5f41bfcf2ad350e6,1416
    pantry-tree:
      size: 347
      sha256: 0671a5aa0d2473503c123f3465c5eea0468e5398be88933494568196ea7c3c57
  original:
    hackage: attoparsec-iso8601-1.0.1.0@sha256:a01c9144dd0e186cdfcff5a4239aecd40f7f519d9b9e8e3d5f41bfcf2ad350e6,1416
- completed:
    hackage: base-orphans-0.8.2@sha256:40ef37ed043aac2cbb6c538fdebfc62e601ee65ee161e4a6327452133b574d7e,2958
    pantry-tree:
      size: 1272
      sha256: f22e483c039b549ee70101e7841b14852e1417f2518f0281af46b62b3ae5d5f6
  original:
    hackage: base-orphans-0.8.2@sha256:40ef37ed043aac2cbb6c538fdebfc62e601ee65ee161e4a6327452133b574d7e,2958
- completed:
    hackage: base64-bytestring-1.0.0.3@sha256:6c82d900465345e30ff0eeb9a1374fbd2955c8e5ca6206e03669f04575830f88,2242
    pantry-tree:
      size: 848
      sha256: 580b3808ee3ee06468d56808639a6b46615ff385c64d977423817434d17a9888
  original:
    hackage: base64-bytestring-1.0.0.3@sha256:6c82d900465345e30ff0eeb9a1374fbd2955c8e5ca6206e03669f04575830f88,2242
- completed:
    hackage: bifunctors-5.5.7@sha256:54c38cffb60213bfbb9474d92226696c30d07bc6f88e1e9c887ab7c5a5721b45,3410
    pantry-tree:
      size: 1755
      sha256: faa376b667db401c653b0454217f854c9aecd2d04a94ebb589b69847effd5a4a
  original:
    hackage: bifunctors-5.5.7@sha256:54c38cffb60213bfbb9474d92226696c30d07bc6f88e1e9c887ab7c5a5721b45,3410
- completed:
    hackage: blaze-builder-0.4.1.0@sha256:fa992674ea28f6ea6569d93388d757aef928af1e2f0ce80a35c29fb782252a2d,3542
    pantry-tree:
      size: 3101
      sha256: 1e63ef498a5da58823348c064d5f183fd2e2cd6adcf494f02f41da084c66bc82
  original:
    hackage: blaze-builder-0.4.1.0@sha256:fa992674ea28f6ea6569d93388d757aef928af1e2f0ce80a35c29fb782252a2d,3542
- completed:
    hackage: cabal-doctest-1.0.8@sha256:34dff6369d417df2699af4e15f06bc181d495eca9c51efde173deae2053c197c,1491
    pantry-tree:
      size: 334
      sha256: 1632476e4cdd37f323f81b2df0d06efe542ca3b02ab0097e1cd95d12c0fc2003
  original:
    hackage: cabal-doctest-1.0.8@sha256:34dff6369d417df2699af4e15f06bc181d495eca9c51efde173deae2053c197c,1491
- completed:
    hackage: connection-0.3.1@sha256:65da1c055610095733bcd228d85dff80804b23a5d18fede994a0f9fcd1b0c121,1554
    pantry-tree:
      size: 386
      sha256: 13a2c21049e69068e4c3d725533d94729772f2d3e05f5ef611bef28363b08798
  original:
    hackage: connection-0.3.1@sha256:65da1c055610095733bcd228d85dff80804b23a5d18fede994a0f9fcd1b0c121,1554
- completed:
    hackage: cookie-0.4.5@sha256:22bbe2bea34cfc546eaca2468386035fec521b8dbae52f5aa2f994ed68b35e0e,1448
    pantry-tree:
      size: 360
      sha256: 60ea383838fb35f55265cbf84905a8f17434bb498f90d691621cbd2156da43e4
  original:
    hackage: cookie-0.4.5@sha256:22bbe2bea34cfc546eaca2468386035fec521b8dbae52f5aa2f994ed68b35e0e,1448
- completed:
    hackage: cryptonite-0.26@sha256:43c722f3770c31f4c5376e7aa42645b104834103312e217aa7fe79316416d6df,17352
    pantry-tree:
      size: 22455
      sha256: cbec4c7bd57508339510f18df64827dbd65eb7ede00db07a463a36aecdda077c
  original:
    hackage: cryptonite-0.26@sha256:43c722f3770c31f4c5376e7aa42645b104834103312e217aa7fe79316416d6df,17352
- completed:
    hackage: data-default-class-0.1.2.0@sha256:63e62120b7efd733a5a17cf59ceb43268e9a929c748127172d7d42f4a336e327,542
    pantry-tree:
      size: 224
      sha256: 5017630b11698aefa65fc61cab84a257ce97833c968d425e1b2d53d6c3b5c096
  original:
    hackage: data-default-class-0.1.2.0@sha256:63e62120b7efd733a5a17cf59ceb43268e9a929c748127172d7d42f4a336e327,542
- completed:
    hackage: data-default-instances-containers-0.0.1@sha256:6e1f4b28028a3bc455aaf4b5a9104b71ea72cff78b1b8041863df7afd1a8deb3,527
    pantry-tree:
      size: 254
      sha256: 3e61b45fb5aa231cff29025b1d36561d7d6b17fa91cdddd15d854615a3fe1ae0
  original:
    hackage: data-default-instances-containers-0.0.1@sha256:6e1f4b28028a3bc455aaf4b5a9104b71ea72cff78b1b8041863df7afd1a8deb3,527
- completed:
    hackage: data-default-instances-dlist-0.0.1@sha256:4286abacbb256c392907701be16986a6e07f2beaf2778e7bd925465655d9e301,507
    pantry-tree:
      size: 244
      sha256: 705ebc2408e66631dac47e400fd963deaefe8a55de662b5f1950c47a590632ce
  original:
    hackage: data-default-instances-dlist-0.0.1@sha256:4286abacbb256c392907701be16986a6e07f2beaf2778e7bd925465655d9e301,507
- completed:
    hackage: data-default-instances-old-locale-0.0.1@sha256:d4a757f68f0f83531fcb34a4525fe6769c54a45182e28ffdfff19c2b0ace42fb,526
    pantry-tree:
      size: 253
      sha256: 91a62d701bea1432cc0126dd25005a4480e4a5082b2fae5e9d36f96fb8bbffb5
  original:
    hackage: data-default-instances-old-locale-0.0.1@sha256:d4a757f68f0f83531fcb34a4525fe6769c54a45182e28ffdfff19c2b0ace42fb,526
- completed:
    hackage: free-5.1.3@sha256:a554ca318f7a67abde1acc59bf4ccb8e039d61cbef7921932e34e114afdc8608,4148
    pantry-tree:
      size: 3362
      sha256: 8a318ba8fe54841b776bb9443ab240450406a38c95526be9638e6f118eb3a1a2
  original:
    hackage: free-5.1.3@sha256:a554ca318f7a67abde1acc59bf4ccb8e039d61cbef7921932e34e114afdc8608,4148
- completed:
    hackage: http-media-0.8.0.0@sha256:a81152de722f01acd0d2671a1bc4dbd69386d5c586151ac7816550694d2fbfd9,4244
    pantry-tree:
      size: 2127
      sha256: 858b03584711bd5d0b4d60b851e277361096a1f5c9817b860afb8d5ed26ca6c9
  original:
    hackage: http-media-0.8.0.0@sha256:a81152de722f01acd0d2671a1bc4dbd69386d5c586151ac7816550694d2fbfd9,4244
- completed:
    hackage: http-types-0.12.3@sha256:f35229edb1bc7b3ae27f961b2407dadb5bfa69d43a8f5337ab46cdc79ca4afe9,2035
    pantry-tree:
      size: 833
      sha256: c9b77e1ba204fffbe4e1be80412bc48e47440a07e4b7db4cdc77d573a3e21b9a
  original:
    hackage: http-types-0.12.3@sha256:f35229edb1bc7b3ae27f961b2407dadb5bfa69d43a8f5337ab46cdc79ca4afe9,2035
- completed:
    hackage: integer-logarithms-1.0.3@sha256:63d42595ec92b71ac98a07b984b0a2eb3d4956f4ad2d856c3bf6fc3dc218d228,2820
    pantry-tree:
      size: 865
      sha256: 7feb7c37d4117f398377c7e0ad480bfa7f63e378753fc6a163deec1f3e9fbc23
  original:
    hackage: integer-logarithms-1.0.3@sha256:63d42595ec92b71ac98a07b984b0a2eb3d4956f4ad2d856c3bf6fc3dc218d228,2820
- completed:
    hackage: kan-extensions-5.2@sha256:2407501562039dad6a3d19aacd0bbcca07aa28497cbd1cdaaf5aabc30146899d,2771
    pantry-tree:
      size: 1472
      sha256: ba338b2be42e0e33e861a6b3082685ab28c4876af89643b8bbfb3936aa6aa52a
  original:
    hackage: kan-extensions-5.2@sha256:2407501562039dad6a3d19aacd0bbcca07aa28497cbd1cdaaf5aabc30146899d,2771
- completed:
    hackage: memory-0.15.0@sha256:be7024b50e876a9c3b7febaefdd81d5dc67268c58a7b4e6b3825bdc58274d88c,5002
    pantry-tree:
      size: 2509
      sha256: df13688e9516d23eab08bbec9d26338d072e85bf760b654335dc14289162988f
  original:
    hackage: memory-0.15.0@sha256:be7024b50e876a9c3b7febaefdd81d5dc67268c58a7b4e6b3825bdc58274d88c,5002
- completed:
    hackage: mime-types-0.1.0.9@sha256:d631fe56daed713ec7798933aaa1429dc9912d85375619aa6e25a0fefe8e95e7,826
    pantry-tree:
      size: 311
      sha256: 5cf87fbc920b9d268dde4964e91baac137708fdbdcf80e2bd6f23812a09d97f0
  original:
    hackage: mime-types-0.1.0.9@sha256:d631fe56daed713ec7798933aaa1429dc9912d85375619aa6e25a0fefe8e95e7,826
- completed:
    hackage: mmorph-1.1.3@sha256:abfc95648fef0008f984b94137ce8e1635fb071c7bfaaa7393ba175a1b3bb12f,919
    pantry-tree:
      size: 344
      sha256: b93535fa375deb2e07af348fe9730b7b50b71e4cba0992e03a96a8b8dc13cc48
  original:
    hackage: mmorph-1.1.3@sha256:abfc95648fef0008f984b94137ce8e1635fb071c7bfaaa7393ba175a1b3bb12f,919
- completed:
    hackage: monad-control-1.0.2.3@sha256:a3ae888d2fed2e2a0ca33ae11e2480219e07312bccf1a02ffe2ba2e3ec5913ee,2255
    pantry-tree:
      size: 334
      sha256: 519fea66a13faf24c4a980d19c58f81af5cf519a2ddcc0c199a8f8f3bf0299b8
  original:
    hackage: monad-control-1.0.2.3@sha256:a3ae888d2fed2e2a0ca33ae11e2480219e07312bccf1a02ffe2ba2e3ec5913ee,2255
- completed:
    hackage: mono-traversable-1.0.15.1@sha256:cad0e8681cd6c96d3303867fc68c80e2f5d55c2c4bf5277c06ca74402fda61c8,2230
    pantry-tree:
      size: 761
      sha256: c9950f4b3409f0e198e6f074abd51b59b0b238b4919b3f6acd0091a3779f2fe2
  original:
    hackage: mono-traversable-1.0.15.1@sha256:cad0e8681cd6c96d3303867fc68c80e2f5d55c2c4bf5277c06ca74402fda61c8,2230
- completed:
    hackage: network-3.1.1.1@sha256:b704cb6676c03e98267190df797497587576a2e96094550ea143415239bbe66e,4268
    pantry-tree:
      size: 3297
      sha256: 975170abd872edadd5afea9911eaebfd7683fe6e53f0a898343743d938b7b80d
  original:
    hackage: network-3.1.1.1@sha256:b704cb6676c03e98267190df797497587576a2e96094550ea143415239bbe66e,4268
- completed:
    hackage: network-uri-2.6.3.0@sha256:d2d9ff3a80d9b2d1ff317a354bc0c56cc109c69a4c2449e5fc712d3ddce83ede,2902
    pantry-tree:
      size: 551
      sha256: 807aa9f8278604645d08882c44b3615f69c9189096471edb5fab26f9ea28cf5f
  original:
    hackage: network-uri-2.6.3.0@sha256:d2d9ff3a80d9b2d1ff317a354bc0c56cc109c69a4c2449e5fc712d3ddce83ede,2902
- completed:
    hackage: old-locale-1.0.0.7@sha256:fa998be2c7e00cd26a6e9075bea790caaf3932caa3e9497ad69bc20380dd6911,1071
    pantry-tree:
      size: 263
      sha256: 462ef15cb35164d585aa3860f717c9685fbf05578330490860abd544381d2e24
  original:
    hackage: old-locale-1.0.0.7@sha256:fa998be2c7e00cd26a6e9075bea790caaf3932caa3e9497ad69bc20380dd6911,1071
- completed:
    hackage: parser-combinators-1.2.1@sha256:16c3490e007ec10b1255a2b36fb483d000156d555269107131241d9e0fa96412,1788
    pantry-tree:
      size: 725
      sha256: 7b7cc6bb088f536691c4088ac6abe9f4dd0399feffc26bdb2cbec695f7259737
  original:
    hackage: parser-combinators-1.2.1@sha256:16c3490e007ec10b1255a2b36fb483d000156d555269107131241d9e0fa96412,1788
- completed:
    hackage: semigroupoids-5.3.4@sha256:d2dee7be882dcb2bf1be4074951acaa0b60a34b372d1711a0bedb4305ce289ce,7363
    pantry-tree:
      size: 1990
      sha256: 7b0cfc1ed7bfeed9136cd9b7d879937a367e2619b3ec508da9effe9af198ca9f
  original:
    hackage: semigroupoids-5.3.4@sha256:d2dee7be882dcb2bf1be4074951acaa0b60a34b372d1711a0bedb4305ce289ce,7363
- completed:
    hackage: singleton-bool-0.1.5@sha256:56211ccd9f98c77e7e826c8a5db1e54b5a65b173c2c5bf3053e2619b04041285,1220
    pantry-tree:
      size: 326
      sha256: 0189da334aced513effdb69d2c6055342be2858fb1ed519bdc2574db58ad7216
  original:
    hackage: singleton-bool-0.1.5@sha256:56211ccd9f98c77e7e826c8a5db1e54b5a65b173c2c5bf3053e2619b04041285,1220
- completed:
    hackage: streaming-commons-0.2.1.2@sha256:7830ce8a437bbe8b6546b03308d86e2f6c96bc1b62c2d0c007c44b27f3849a20,4990
    pantry-tree:
      size: 3325
      sha256: a3d9a7f070084f8d33e1c7a90dc33b38f720569c0f234e4abb0d5b6f263fb59f
  original:
    hackage: streaming-commons-0.2.1.2@sha256:7830ce8a437bbe8b6546b03308d86e2f6c96bc1b62c2d0c007c44b27f3849a20,4990
- completed:
    hackage: string-conversions-0.4.0.1@sha256:9c4075e54aa6cabfe244e07e2a1de720f3e98a0a6980fc671ab9c0da30f0f259,1617
    pantry-tree:
      size: 442
      sha256: eb5629dce6a5f06b6a80b63b8465023a5d5431c795588039e13f5f324af24e0a
  original:
    hackage: string-conversions-0.4.0.1@sha256:9c4075e54aa6cabfe244e07e2a1de720f3e98a0a6980fc671ab9c0da30f0f259,1617
- completed:
    hackage: tls-1.5.4@sha256:ac18a2a431cf359a27288a607fd01bfaebc70be627c9d53e238009e7e6e1fd79,6753
    pantry-tree:
      size: 4688
      sha256: c20c5a689f0742ab8fdda3d8bfcb4fe35da46762d0c8268d0411562eb6ec5802
  original:
    hackage: tls-1.5.4@sha256:ac18a2a431cf359a27288a607fd01bfaebc70be627c9d53e238009e7e6e1fd79,6753
- completed:
    hackage: transformers-base-0.4.5.2@sha256:e4d8155470905ba2942033a1537fc4cf91927d1c9b34693fd57ddf3bc02334af,1550
    pantry-tree:
      size: 275
      sha256: de1ab09cfb378c269105d6fcfa0fa9820081c2d1d91c87503a5f10068a4119e7
  original:
    hackage: transformers-base-0.4.5.2@sha256:e4d8155470905ba2942033a1537fc4cf91927d1c9b34693fd57ddf3bc02334af,1550
- completed:
    hackage: unliftio-core-0.2.0.1@sha256:9b3e44ea9aacacbfc35b3b54015af450091916ac3618a41868ebf6546977659a,1082
    pantry-tree:
      size: 328
      sha256: e81c5a1e82ec2cd68cbbbec9cd60567363abe02257fa1370a906f6754b6818b8
  original:
    hackage: unliftio-core-0.2.0.1@sha256:9b3e44ea9aacacbfc35b3b54015af450091916ac3618a41868ebf6546977659a,1082
- completed:
    hackage: vault-0.3.1.4@sha256:62d235fefff78982a1f7765b824e03ee3c73af8e2b7fe6a0191d35dbbf1c2c9f,2220
    pantry-tree:
      size: 771
      sha256: 83cf698d5ea5b2ec9c6995aea1deec11dd3b8e31ec3bac9af46e7236e50ff122
  original:
    hackage: vault-0.3.1.4@sha256:62d235fefff78982a1f7765b824e03ee3c73af8e2b7fe6a0191d35dbbf1c2c9f,2220
- completed:
    hackage: adjunctions-4.4@sha256:2738dd5f5d5e93749adb14a05472e58a96a75d0f299e46371c6f46dc4e97daf9,3067
    pantry-tree:
      size: 1560
      sha256: b9b90a45e77481a8f24baa9b61dbf862199ec736b99344b5c7ae9c905f0425d8
  original:
    hackage: adjunctions-4.4@sha256:2738dd5f5d5e93749adb14a05472e58a96a75d0f299e46371c6f46dc4e97daf9,3067
- completed:
    hackage: asn1-encoding-0.9.6@sha256:3655d9a68c8c082e0d22f33456d968ad8c484d4e95308ad9217788b1c343d8a6,2067
    pantry-tree:
      size: 981
      sha256: c7f1125ca9384ee6852837b523e701e1817dc9dc3dc0803fba4b876cd655f3f2
  original:
    hackage: asn1-encoding-0.9.6@sha256:3655d9a68c8c082e0d22f33456d968ad8c484d4e95308ad9217788b1c343d8a6,2067
- completed:
    hackage: asn1-types-0.3.4@sha256:8e879b3a5bbdd0031232eb84d904b5a3a2c20a18847692b996d774f4ff811355,1025
    pantry-tree:
      size: 525
      sha256: 254adba538008f12853e83b8909ba11ef11e9b8bcb1edc3a97dc6fdb29dad45a
  original:
    hackage: asn1-types-0.3.4@sha256:8e879b3a5bbdd0031232eb84d904b5a3a2c20a18847692b996d774f4ff811355,1025
- completed:
    hackage: async-2.2.2@sha256:a178c166856da7ff22fe4500337b54812e94fd2059409452187d72e057ede9cd,2934
    pantry-tree:
      size: 501
      sha256: 647557f470dd934404806bcc7201ff9b2d440daaf11f570ac6a46d9b2ef42d98
  original:
    hackage: async-2.2.2@sha256:a178c166856da7ff22fe4500337b54812e94fd2059409452187d72e057ede9cd,2934
- completed:
    hackage: basement-0.0.11@sha256:af43e2e334e515b52ca309919b135c51b5e9411e6d4c68d0e8950d61eb5f25d1,5711
    pantry-tree:
      size: 5859
      sha256: 2b5bdb5b5a3ede3676aef58f0524c38881128338aede213913e64e0c4430906e
  original:
    hackage: basement-0.0.11@sha256:af43e2e334e515b52ca309919b135c51b5e9411e6d4c68d0e8950d61eb5f25d1,5711
- completed:
    hackage: cereal-0.5.8.1@sha256:37cb7a78c84412e94592a658768320c41f015f2b8707a433de835afb8ebc18d7,2767
    pantry-tree:
      size: 641
      sha256: 65ec816e5c39253f0060b8b1019450f5c6fa1e0c06c1c7b4a36f09e186a607fd
  original:
    hackage: cereal-0.5.8.1@sha256:37cb7a78c84412e94592a658768320c41f015f2b8707a433de835afb8ebc18d7,2767
- completed:
    hackage: comonad-5.0.6@sha256:65117d3d9e75ded548d2bbbd5ca9f5e6e1e42ecee08175aa6a77666753f797e3,3348
    pantry-tree:
      size: 1819
      sha256: b48148ddd6bc8640126f4d034de93b9e6d114ba5c71e3272580285582c99109e
  original:
    hackage: comonad-5.0.6@sha256:65117d3d9e75ded548d2bbbd5ca9f5e6e1e42ecee08175aa6a77666753f797e3,3348
- completed:
    hackage: contravariant-1.5.2@sha256:853259271870000c007a281f0bf0bf6e1aaa97c5fd5cd5734d7b0d79b9de2af5,2761
    pantry-tree:
      size: 699
      sha256: 9d1b9732339d893bf03b2a8ca619430b4b601ee2c9c07f80188c2d54e23573cf
  original:
    hackage: contravariant-1.5.2@sha256:853259271870000c007a281f0bf0bf6e1aaa97c5fd5cd5734d7b0d79b9de2af5,2761
- completed:
    hackage: dec-0.0.3@sha256:1a822a19129c1eca8d12a85e4d6fdc77625016ea6c3e8ce30f8d32e0972faeec,1180
    pantry-tree:
      size: 212
      sha256: e95827d0c4bb7a97b8b612b49630f84252bb6e553e593d294150fb610277bdad
  original:
    hackage: dec-0.0.3@sha256:1a822a19129c1eca8d12a85e4d6fdc77625016ea6c3e8ce30f8d32e0972faeec,1180
- completed:
    hackage: distributive-0.6.2@sha256:6e97ccea6b887eecd74896dcc96cece54a0c5ff4848a977c1db81b8a67bc7aea,3062
    pantry-tree:
      size: 959
      sha256: 4c70d4750f2b983a29afeb68f6c149c18594d470440b4b5c99922c30957cab40
  original:
    hackage: distributive-0.6.2@sha256:6e97ccea6b887eecd74896dcc96cece54a0c5ff4848a977c1db81b8a67bc7aea,3062
- completed:
    hackage: hourglass-0.2.12@sha256:e083f5e030dfebe432e30a9c0fa07a99a54eac992f622442646be561fd7a44e8,3085
    pantry-tree:
      size: 1605
      sha256: 2b452cfac948057203679468e3e856e7fdf884c3c051f42bc52ba6253ca896e0
  original:
    hackage: hourglass-0.2.12@sha256:e083f5e030dfebe432e30a9c0fa07a99a54eac992f622442646be561fd7a44e8,3085
- completed:
    hackage: invariant-0.5.3@sha256:e430340b5f4248159f9fd217c506946887b4ff8f2c7a3819c3d4f06bcb195e6a,3323
    pantry-tree:
      size: 650
      sha256: f7a85efb9277edc3d613003d1ec89f2302dc42674932d705cf2438a76ea5edd0
  original:
    hackage: invariant-0.5.3@sha256:e430340b5f4248159f9fd217c506946887b4ff8f2c7a3819c3d4f06bcb195e6a,3323
- completed:
    hackage: profunctors-5.5.2@sha256:55132b7e8a5461e8f7fdc4e06839109fe42ad581225cd151342753fddb824aa8,2075
    pantry-tree:
      size: 1639
      sha256: ad6ec53d15bbadac65278e52ff03e22236d1399d6fd61ea20ae8cd9a0d9de207
  original:
    hackage: profunctors-5.5.2@sha256:55132b7e8a5461e8f7fdc4e06839109fe42ad581225cd151342753fddb824aa8,2075
- completed:
    hackage: socks-0.6.1@sha256:ac190808eea704672df18f702e8f2ad0b7a4d0af528e95ee55ea6ee0be672e2a,1258
    pantry-tree:
      size: 692
      sha256: 53d29c06c42e737ae99660e077c7c4b286f1272b3394ad7f74163867a5b3b8fa
  original:
    hackage: socks-0.6.1@sha256:ac190808eea704672df18f702e8f2ad0b7a4d0af528e95ee55ea6ee0be672e2a,1258
- completed:
    hackage: split-0.2.3.4@sha256:bad9bfc9e8e0aca4ac1f7b3a2767ee6b1c199d4a1b6960db5cc3d7674aee5d73,2564
    pantry-tree:
      size: 439
      sha256: d931baa404f6867a23ed342c11ef27613227a7a82ba2324f95da184fffad0bd9
  original:
    hackage: split-0.2.3.4@sha256:bad9bfc9e8e0aca4ac1f7b3a2767ee6b1c199d4a1b6960db5cc3d7674aee5d73,2564
- completed:
    hackage: utf8-string-1.0.1.1@sha256:68cc6cf665e7212334a51b63d6936daeaca023b2cfe8637d130acfe95f91700b,1151
    pantry-tree:
      size: 546
      sha256: 94c160d3cba160be807fc2957f539453660cf64bd6cb29879aba82424d03527e
  original:
    hackage: utf8-string-1.0.1.1@sha256:68cc6cf665e7212334a51b63d6936daeaca023b2cfe8637d130acfe95f91700b,1151
- completed:
    hackage: vector-algorithms-0.8.0.3@sha256:477ef5ac82fdd28a39536ed0a767faec3425802827abee485be31db5bc6f5e90,3488
    pantry-tree:
      size: 1439
      sha256: 9f04ef44c2459a122f2d5c093b4a9ebc47aaa00284a7bff9793fee7c6783f979
  original:
    hackage: vector-algorithms-0.8.0.3@sha256:477ef5ac82fdd28a39536ed0a767faec3425802827abee485be31db5bc6f5e90,3488
- completed:
    hackage: x509-1.7.5@sha256:01185a9a17bee4e89287d9e32bfaa673133cf2b09a39759627bed1f72ea528fd,2305
    pantry-tree:
      size: 1072
      sha256: 42cc162fbe2221555fb4d91e3de6699bc7731887c2c0e01ad79c8bf6ade988d9
  original:
    hackage: x509-1.7.5@sha256:01185a9a17bee4e89287d9e32bfaa673133cf2b09a39759627bed1f72ea528fd,2305
- completed:
    hackage: x509-store-1.6.7@sha256:a707b2f4ba3c02ebacd7ecd19e9f0c0b211b58270329c2c775a2c1df26820212,1781
    pantry-tree:
      size: 398
      sha256: 583026f9af3752de292e672472de40d4cddde83d6ec2cb72b896c1eea3dc1da3
  original:
    hackage: x509-store-1.6.7@sha256:a707b2f4ba3c02ebacd7ecd19e9f0c0b211b58270329c2c775a2c1df26820212,1781
- completed:
    hackage: x509-system-1.6.6@sha256:3a1b9cc26715d7cb3cd1a3f8b6153f12c2d42187ac5df305c3973c78a061db05,1418
    pantry-tree:
      size: 391
      sha256: f787ec9fe9d4ae10b1e28821bfc07e711755a043a4fafc74a0c6bedaab40f488
  original:
    hackage: x509-system-1.6.6@sha256:3a1b9cc26715d7cb3cd1a3f8b6153f12c2d42187ac5df305c3973c78a061db05,1418
- completed:
    hackage: x509-validation-1.6.11@sha256:7798c62717265a395f1092e6ad576f64b7876c289bb84353bddc0bb5a66c6b26,2169
    pantry-tree:
      size: 631
      sha256: 5a2bdfefa3438eff100c556fa55232b2de64badb832c614cade1ca147f215715
  original:
    hackage: x509-validation-1.6.11@sha256:7798c62717265a395f1092e6ad576f64b7876c289bb84353bddc0bb5a66c6b26,2169
- completed:
    hackage: zlib-0.6.2.1@sha256:d34ddf5fece4d1e9d471b5298f36335bb3cfe12cb5a1b8525c42f0b665382f45,4547
    pantry-tree:
      size: 2536
      sha256: 8216dda4ee6a216e6399912d742b622eaab60c8f75a65d7ad2632b70c974ba2e
  original:
    hackage: zlib-0.6.2.1@sha256:d34ddf5fece4d1e9d471b5298f36335bb3cfe12cb5a1b8525c42f0b665382f45,4547
- completed:
    hackage: StateVar-1.2@sha256:9ab3e4a0e252d28bc2f799c83e0725c3e23e8d3b722cff0fdb9822e64b6c16ac,1413
    pantry-tree:
      size: 314
      sha256: 7e528e8de1df24f858e0be63bf8987537b2752a3d4f6ec823e5ac0e1dc7f1520
  original:
    hackage: StateVar-1.2@sha256:9ab3e4a0e252d28bc2f799c83e0725c3e23e8d3b722cff0fdb9822e64b6c16ac,1413
- completed:
    hackage: asn1-parse-0.9.5@sha256:77c0126d63070df2d82cb4cfa4febb26c4e280f6d854bc778c2fa4d80ce692b8,976
    pantry-tree:
      size: 212
      sha256: 2a6766aa05af5b045ff2d097b5f99621f983d471e254079ef4e56acff26b2248
  original:
    hackage: asn1-parse-0.9.5@sha256:77c0126d63070df2d82cb4cfa4febb26c4e280f6d854bc778c2fa4d80ce692b8,976
- completed:
    hackage: pem-0.2.4@sha256:cc8e62118b783e284dc0fa032f54fe386a3861a948ec88079370a433c103a705,1441
    pantry-tree:
      size: 425
      sha256: 2413dd2c97c72d6e00330057b158973faa6336de068a9be4d6fdcfd474485f77
  original:
    hackage: pem-0.2.4@sha256:cc8e62118b783e284dc0fa032f54fe386a3861a948ec88079370a433c103a705,1441
- completed:
    hackage: void-0.7.3@sha256:13d30f62fcdf065e595d679d4ac8b4b0c1bb1a1b73db7b5b5a8f857cb5c8a546,1857
    pantry-tree:
      size: 584
      sha256: 5730b45e857424c97d24ee1cf530be1fc782cd000221ac97b5568be886cbbc2b
  original:
    hackage: void-0.7.3@sha256:13d30f62fcdf065e595d679d4ac8b4b0c1bb1a1b73db7b5b5a8f857cb5c8a546,1857
- completed:
    hackage: hspec-2.7.1@sha256:0aa48928ce80a34f8ff8c5ef114bb6807edfb8d884bcd7211eceed710e7fb7a8,1769
    pantry-tree:
      size: 532
      sha256: 8128733a7ef4760bbe5d978f2145fdcb29f4491b17db11e8c05b409441ceecb4
  original:
    hackage: hspec-2.7.1@sha256:0aa48928ce80a34f8ff8c5ef114bb6807edfb8d884bcd7211eceed710e7fb7a8,1769
- completed:
    hackage: hspec-core-2.7.1@sha256:2696420050bafb1b690366b2c0ca8595a27c4597811df036f0c35cf19f46862b,4583
    pantry-tree:
      size: 3601
      sha256: 7761094914f253af8eff3e0d14e1e0317a7e260f2d4bd4bd44d5d222fe0ba3d6
  original:
    hackage: hspec-core-2.7.1@sha256:2696420050bafb1b690366b2c0ca8595a27c4597811df036f0c35cf19f46862b,4583
- completed:
    hackage: hspec-discover-2.7.1@sha256:e8ce36741c06b41de58069814a7d3b7314bdeaab35ae573e3c924739011e0c29,2243
    pantry-tree:
      size: 1080
      sha256: 2d1c4ccbd0c9047311d1bd24989714df844003c258964ef65d542f6627dc0fed
  original:
    hackage: hspec-discover-2.7.1@sha256:e8ce36741c06b41de58069814a7d3b7314bdeaab35ae573e3c924739011e0c29,2243
- completed:
    hackage: hspec-expectations-0.8.2@sha256:e2db24881baadc2d9d23b03cb629e80dcbda89a6b04ace9adb5f4d02ef8b31aa,1594
    pantry-tree:
      size: 602
      sha256: cba2c119c85cf68a18d35cccb365d032359442c82ceb93b295020609712d791f
  original:
    hackage: hspec-expectations-0.8.2@sha256:e2db24881baadc2d9d23b03cb629e80dcbda89a6b04ace9adb5f4d02ef8b31aa,1594
- completed:
    hackage: HUnit-1.6.0.0@sha256:8014b27c884becd8041214a1ab263fa92244ca62700a911aff604a1047869298,1570
    pantry-tree:
      size: 878
      sha256: 270a6f8d6ef23eba3a9a1697aa244576abb168d10cb8e4736cf4add2b09eb650
  original:
    hackage: HUnit-1.6.0.0@sha256:8014b27c884becd8041214a1ab263fa92244ca62700a911aff604a1047869298,1570
- completed:
    hackage: ansi-terminal-0.10.3@sha256:e2fbcef5f980dc234c7ad8e2fa433b0e8109132c9e643bc40ea5608cd5697797,3226
    pantry-tree:
      size: 1461
      sha256: 02f05d52be3ffcf36c78876629cbab80b63420672685371aea4fd10e1c4aabb6
  original:
    hackage: ansi-terminal-0.10.3@sha256:e2fbcef5f980dc234c7ad8e2fa433b0e8109132c9e643bc40ea5608cd5697797,3226
- completed:
    hackage: call-stack-0.2.0@sha256:5ce796b78d5f964468ec6fe0717b4e7d0430817f37370c47b3e6b38e345b6643,1202
    pantry-tree:
      size: 500
      sha256: 30cc02f50a7f660db6b5c4218b4021cd78cae90b135d893d55f32a1c8b1e1c08
  original:
    hackage: call-stack-0.2.0@sha256:5ce796b78d5f964468ec6fe0717b4e7d0430817f37370c47b3e6b38e345b6643,1202
- completed:
    hackage: quickcheck-io-0.2.0@sha256:7bf0b68fb90873825eb2e5e958c1b76126dcf984debb998e81673e6d837e0b2d,1133
    pantry-tree:
      size: 223
      sha256: afaa27fbf8b35aa7ce174abd9c59a84a12fd7f3d08300c3280b22c1d204f11ca
  original:
    hackage: quickcheck-io-0.2.0@sha256:7bf0b68fb90873825eb2e5e958c1b76126dcf984debb998e81673e6d837e0b2d,1133
- completed:
    hackage: setenv-0.1.1.3@sha256:c5916ac0d2a828473cd171261328a290afe0abd799db1ac8c310682fe778c45b,1053
    pantry-tree:
      size: 212
      sha256: 9a071cf2552e6881cd3ac0ce81252d5b96ac7f42cae517d973ea167e3d503265
  original:
    hackage: setenv-0.1.1.3@sha256:c5916ac0d2a828473cd171261328a290afe0abd799db1ac8c310682fe778c45b,1053
- completed:
    hackage: tf-random-0.5@sha256:14012837d0f0e18fdbbe3d56e67da8622ee5e20b180abce952dd50bd9f36b326,3983
    pantry-tree:
      size: 941
      sha256: d6483580cfea846cbf23ff1d7a67849546d5096425b6d61318a34554043b4ffb
  original:
    hackage: tf-random-0.5@sha256:14012837d0f0e18fdbbe3d56e67da8622ee5e20b180abce952dd50bd9f36b326,3983
- completed:
    hackage: colour-2.3.5@sha256:b27db0a3ad40d70bdbd8510a104269f8707592e80757a1abc66a22ba25e5a42f,1801
    pantry-tree:
      size: 1183
      sha256: ff0f5e24e9f669ceedfcae4d11fd6c68820bbaa2e07ab277368946e9b0f6f8a4
  original:
    hackage: colour-2.3.5@sha256:b27db0a3ad40d70bdbd8510a104269f8707592e80757a1abc66a22ba25e5a42f,1801
- completed:
    hackage: mintty-0.1.2@sha256:76e5d929619e2fe419dc2292856c5c86fd8f52cb13531b169b1316fc604157c8,2894
    pantry-tree:
      size: 526
      sha256: 9280e4aab60242aa4847d0e6db70a378c910fceb9085d41aa8d10061b3d7a899
  original:
    hackage: mintty-0.1.2@sha256:76e5d929619e2fe419dc2292856c5c86fd8f52cb13531b169b1316fc604157c8,2894
snapshots: []
