# This file was autogenerated by Stack.
# You should not edit this file by hand.
# For more information, please see the documentation at:
#   https://docs.haskellstack.org/en/stable/lock_files

packages: []
snapshots:
- completed:
    size: 506735
    url: https://raw.githubusercontent.com/commercialhaskell/stackage-snapshots/master/lts/12/19.yaml
    sha256: 78de20c2fce471a4c4a19e935e216538e7f0308f6f15ad72aedc5484de45f09b
  original: lts-12.19
